
Microsoft Visual Studio Solution File, Format Version 12.00
Project("{FAE04EC0-301F-11D3-BF4B-00C04F79EFBC}") = "Common.Shared", "Common.Shared\Common.Shared.csproj", "{320F9C7D-1B45-49D0-9452-813AADFE0C30}"
EndProject
Project("{FAE04EC0-301F-11D3-BF4B-00C04F79EFBC}") = "Common.WWW", "Common.WWW\Common.WWW.csproj", "{51722FB0-F94E-4568-A826-D995FF58BEED}"
EndProject
Project("{2150E333-8FDC-42A3-9474-1A3956D46DE8}") = "BuildingBlocks", "BuildingBlocks", "{E7538A97-6499-4870-B1B7-F7E9F7EF074C}"
EndProject
Project("{2150E333-8FDC-42A3-9474-1A3956D46DE8}") = "Applications", "Applications", "{F7F66A9D-D6B7-4AB1-9289-1DE1AED6C871}"
EndProject
Project("{2150E333-8FDC-42A3-9474-1A3956D46DE8}") = "SDK", "SDK", "{73C6806F-B129-4501-AB00-DCDCA9C9F527}"
EndProject
Project("{2150E333-8FDC-42A3-9474-1A3956D46DE8}") = "Services", "Services", "{BBC106E0-EF73-4563-93CC-345182DE9519}"
EndProject
Project("{2150E333-8FDC-42A3-9474-1A3956D46DE8}") = "CommonServices", "CommonServices", "{E41DBE9C-563C-4182-A42F-83067EF23529}"
EndProject
Project("{2150E333-8FDC-42A3-9474-1A3956D46DE8}") = "Infra", "Infra", "{66954A80-6E8C-4D10-8906-CB5ADE897904}"
EndProject
Project("{FAE04EC0-301F-11D3-BF4B-00C04F79EFBC}") = "Common.Config", "Common.Config\Common.Config.csproj", "{94ABE23B-5768-401A-9ACE-17FB51C33AC0}"
EndProject
Global
	GlobalSection(SolutionConfigurationPlatforms) = preSolution
		Debug|Any CPU = Debug|Any CPU
		Release|Any CPU = Release|Any CPU
	EndGlobalSection
	GlobalSection(ProjectConfigurationPlatforms) = postSolution
		{320F9C7D-1B45-49D0-9452-813AADFE0C30}.Debug|Any CPU.ActiveCfg = Debug|Any CPU
		{320F9C7D-1B45-49D0-9452-813AADFE0C30}.Debug|Any CPU.Build.0 = Debug|Any CPU
		{320F9C7D-1B45-49D0-9452-813AADFE0C30}.Release|Any CPU.ActiveCfg = Release|Any CPU
		{320F9C7D-1B45-49D0-9452-813AADFE0C30}.Release|Any CPU.Build.0 = Release|Any CPU
		{51722FB0-F94E-4568-A826-D995FF58BEED}.Debug|Any CPU.ActiveCfg = Debug|Any CPU
		{51722FB0-F94E-4568-A826-D995FF58BEED}.Debug|Any CPU.Build.0 = Debug|Any CPU
		{51722FB0-F94E-4568-A826-D995FF58BEED}.Release|Any CPU.ActiveCfg = Release|Any CPU
		{51722FB0-F94E-4568-A826-D995FF58BEED}.Release|Any CPU.Build.0 = Release|Any CPU
		{94ABE23B-5768-401A-9ACE-17FB51C33AC0}.Debug|Any CPU.ActiveCfg = Debug|Any CPU
		{94ABE23B-5768-401A-9ACE-17FB51C33AC0}.Debug|Any CPU.Build.0 = Debug|Any CPU
		{94ABE23B-5768-401A-9ACE-17FB51C33AC0}.Release|Any CPU.ActiveCfg = Release|Any CPU
		{94ABE23B-5768-401A-9ACE-17FB51C33AC0}.Release|Any CPU.Build.0 = Release|Any CPU
	EndGlobalSection
	GlobalSection(NestedProjects) = preSolution
		{320F9C7D-1B45-49D0-9452-813AADFE0C30} = {E7538A97-6499-4870-B1B7-F7E9F7EF074C}
		{51722FB0-F94E-4568-A826-D995FF58BEED} = {F7F66A9D-D6B7-4AB1-9289-1DE1AED6C871}
		{94ABE23B-5768-401A-9ACE-17FB51C33AC0} = {66954A80-6E8C-4D10-8906-CB5ADE897904}
	EndGlobalSection
EndGlobal
